{
  "nodes": {
    "aagl": {
      "inputs": {
        "flake-compat": "flake-compat",
        "nixpkgs": [
          "nixpkgs"
        ],
        "rust-overlay": "rust-overlay"
      },
      "locked": {
        "lastModified": 1778494983,
        "narHash": "sha256-wn2043WoCfKtyLzGNG31nqq9wENVuhUCxxs1lRwJQiY=",
        "owner": "ezKEa",
        "repo": "aagl-gtk-on-nix",
        "rev": "dea292e7e339cc857bd69f4227544d8c67049ad5",
        "type": "github"
      },
      "original": {
        "owner": "ezKEa",
        "ref": "release-25.11",
        "repo": "aagl-gtk-on-nix",
        "type": "github"
      }
    },
    "flake-compat": {
      "flake": false,
      "locked": {
        "lastModified": 1767039857,
        "narHash": "sha256-vNpUSpF5Nuw8xvDLj2KCwwksIbjua2LZCqhV1LNRDns=",
        "owner": "edolstra",
        "repo": "flake-compat",
        "rev": "5edf11c44bc78a0d334f6334cdaf7d60d732daab",
        "type": "github"
      },
      "original": {
        "owner": "edolstra",
        "repo": "flake-compat",
        "type": "github"
      }
    },
    "home-manager": {
      "inputs": {
        "nixpkgs": [
          "nixpkgs"
        ]
      },
      "locked": {
        "lastModified": 1778401693,
        "narHash": "sha256-OVHdCqXXUF5UdGkH+FF2ZL06OLZjj2kvP2dIUmzVWoo=",
        "owner": "nix-community",
        "repo": "home-manager",
        "rev": "389b83002efc26f1145e89a6a8e6edc5a6435948",
        "type": "github"
      },
      "original": {
        "owner": "nix-community",
        "ref": "release-25.11",
        "repo": "home-manager",
        "type": "github"
      }
    },
    "lsfg-vk-flake": {
      "inputs": {
        "nixpkgs": [
          "nixpkgs"
        ]
      },
      "locked": {
        "lastModified": 1756367273,
        "narHash": "sha256-u7/qG5xQxW+o51R2lBPj0NxU3oFrUwj78UlCKKNHGAc=",
        "owner": "pabloaul",
        "repo": "lsfg-vk-flake",
        "rev": "62aadfc844b2002abe47cbbc9dfd028033376248",
        "type": "github"
      },
      "original": {
        "owner": "pabloaul",
        "ref": "main",
        "repo": "lsfg-vk-flake",
        "type": "github"
      }
    },
    "nix-index-database": {
      "inputs": {
        "nixpkgs": [
          "nixpkgs"
        ]
      },
      "locked": {
        "lastModified": 1778393439,
        "narHash": "sha256-mOtQxUjtKaPHLeoLOY/YEDctmud1X9KwJr4kE1MJ3Wc=",
        "owner": "nix-community",
        "repo": "nix-index-database",
        "rev": "01466c414c7357ae2ce32be4a272a7c69e94ab5f",
        "type": "github"
      },
      "original": {
        "owner": "nix-community",
        "repo": "nix-index-database",
        "type": "github"
      }
    },
    "nixpkgs": {
      "locked": {
        "lastModified": 1744536153,
        "narHash": "sha256-awS2zRgF4uTwrOKwwiJcByDzDOdo3Q1rPZbiHQg/N38=",
        "owner": "NixOS",
        "repo": "nixpkgs",
        "rev": "18dd725c29603f582cf1900e0d25f9f1063dbf11",
        "type": "github"
      },
      "original": {
        "owner": "NixOS",
        "ref": "nixpkgs-unstable",
        "repo": "nixpkgs",
        "type": "github"
      }
    },
    "nixpkgs_2": {
      "locked": {
        "lastModified": 1778600454,
        "narHash": "sha256-aIdOntNLJC3LLT79ObvT4gBYQvmscuJ5FV3Nq8a6bHA=",
        "owner": "nixos",
        "repo": "nixpkgs",
        "rev": "d1b456ac1e24fe458cd5495189053f86d731347b",
        "type": "github"
      },
      "original": {
        "owner": "nixos",
        "ref": "release-25.11",
        "repo": "nixpkgs",
        "type": "github"
      }
    },
    "root": {
      "inputs": {
        "aagl": "aagl",
        "home-manager": "home-manager",
        "lsfg-vk-flake": "lsfg-vk-flake",
        "nix-index-database": "nix-index-database",
        "nixpkgs": "nixpkgs_2"
      }
    },
    "rust-overlay": {
      "inputs": {
        "nixpkgs": "nixpkgs"
      },
      "locked": {
        "lastModified": 1778469574,
        "narHash": "sha256-NTZzJ7xJvMXOonYqut3WLUhryeZj5QuuL0ANcqS7d30=",
        "owner": "oxalica",
        "repo": "rust-overlay",
        "rev": "4852a8aa041c94af55e136cde5b8b6d42c3563e8",
        "type": "github"
      },
      "original": {
        "owner": "oxalica",
        "repo": "rust-overlay",
        "type": "github"
      }
    }
  },
  "root": "root",
  "version": 7
}
